
Microsoft Visual Studio Solution File, Format Version 12.00
# Visual Studio Version 16
VisualStudioVersion = 16.0.29215.179
MinimumVisualStudioVersion = 10.0.40219.1
Project("{FAE04EC0-301F-11D3-BF4B-00C04F79EFBC}") = "BebaAguaAPP", "BebaAguaAPP\BebaAguaAPP.csproj", "{ECD8A72B-667E-4092-9E43-84C258D72C9D}"
EndProject
Global
	GlobalSection(SolutionConfigurationPlatforms) = preSolution
		Debug|Any CPU = Debug|Any CPU
		Release|Any CPU = Release|Any CPU
	EndGlobalSection
	GlobalSection(ProjectConfigurationPlatforms) = postSolution
		{ECD8A72B-667E-4092-9E43-84C258D72C9D}.Debug|Any CPU.ActiveCfg = Debug|Any CPU
		{ECD8A72B-667E-4092-9E43-84C258D72C9D}.Debug|Any CPU.Build.0 = Debug|Any CPU
		{ECD8A72B-667E-4092-9E43-84C258D72C9D}.Release|Any CPU.ActiveCfg = Release|Any CPU
		{ECD8A72B-667E-4092-9E43-84C258D72C9D}.Release|Any CPU.Build.0 = Release|Any CPU
	EndGlobalSection
	GlobalSection(SolutionProperties) = preSolution
		HideSolutionNode = FALSE
	EndGlobalSection
	GlobalSection(ExtensibilityGlobals) = postSolution
		SolutionGuid = {0FCC166C-2DF1-4877-872A-52BC6E3F5F3C}
	EndGlobalSection
EndGlobal
